// !$*UTF8*$!
{
	archiveVersion = 1;
	classes = {
	};
	objectVersion = 51;
	objects = {

/* Begin PBXBuildFile section */
		0B44D34E26E85FEB00D9AA41 /* AppDelegate.swift in Sources */ = {isa = PBXBuildFile; fileRef = 0B44D34D26E85FEB00D9AA41 /* AppDelegate.swift */; };
		0B44D35026E85FEB00D9AA41 /* SceneDelegate.swift in Sources */ = {isa = PBXBuildFile; fileRef = 0B44D34F26E85FEB00D9AA41 /* SceneDelegate.swift */; };
		0B44D35226E85FEB00D9AA41 /* ViewController.swift in Sources */ = {isa = PBXBuildFile; fileRef = 0B44D35126E85FEB00D9AA41 /* ViewController.swift */; };
		0B44D35526E85FEB00D9AA41 /* Main.storyboard in Resources */ = {isa = PBXBuildFile; fileRef = 0B44D35326E85FEB00D9AA41 /* Main.storyboard */; };
		0B44D35726E85FEF00D9AA41 /* Assets.xcassets in Resources */ = {isa = PBXBuildFile; fileRef = 0B44D35626E85FEF00D9AA41 /* Assets.xcassets */; };
		0B44D35A26E85FEF00D9AA41 /* LaunchScreen.storyboard in Resources */ = {isa = PBXBuildFile; fileRef = 0B44D35826E85FEF00D9AA41 /* LaunchScreen.storyboard */; };
		0B44D36526E85FF000D9AA41 /* FlixTests.swift in Sources */ = {isa = PBXBuildFile; fileRef = 0B44D36426E85FF000D9AA41 /* FlixTests.swift */; };
		0B44D37026E85FF000D9AA41 /* FlixUITests.swift in Sources */ = {isa = PBXBuildFile; fileRef = 0B44D36F26E85FF000D9AA41 /* FlixUITests.swift */; };
		0B44D38026E862A100D9AA41 /* MoviesViewController.swift in Sources */ = {isa = PBXBuildFile; fileRef = 0B44D37F26E862A100D9AA41 /* MoviesViewController.swift */; };
		0B44D38226E87B8200D9AA41 /* MovieCell.swift in Sources */ = {isa = PBXBuildFile; fileRef = 0B44D38126E87B8200D9AA41 /* MovieCell.swift */; };
		0B89AD9126F6BD81009485AE /* MovieGridViewController.swift in Sources */ = {isa = PBXBuildFile; fileRef = 0B89AD9026F6BD81009485AE /* MovieGridViewController.swift */; };
		0B89AD9326F7A1CF009485AE /* MovieGridCell.swift in Sources */ = {isa = PBXBuildFile; fileRef = 0B89AD9226F7A1CF009485AE /* MovieGridCell.swift */; };
		0BFBB4AF26EEA89800E59431 /* MovieDetailsViewController.swift in Sources */ = {isa = PBXBuildFile; fileRef = 0BFBB4AE26EEA89800E59431 /* MovieDetailsViewController.swift */; };
		0C54FD49DC6503B247785986 /* Pods_FlixTests.framework in Frameworks */ = {isa = PBXBuildFile; fileRef = 6DF39427D0E3F4503459B030 /* Pods_FlixTests.framework */; };
		EDC67233E4D60584001757AB /* Pods_Flix_FlixUITests.framework in Frameworks */ = {isa = PBXBuildFile; fileRef = 183EF19F40DE32CBE9044477 /* Pods_Flix_FlixUITests.framework */; };
		FA6503A6747735D512C41AF2 /* Pods_Flix.framework in Frameworks */ = {isa = PBXBuildFile; fileRef = C61D744A4CD3A8A0E8053739 /* Pods_Flix.framework */; };
/* End PBXBuildFile section */

/* Begin PBXContainerItemProxy section */
		0B44D36126E85FF000D9AA41 /* PBXContainerItemProxy */ = {
			isa = PBXContainerItemProxy;
			containerPortal = 0B44D34226E85FEA00D9AA41 /* Project object */;
			proxyType = 1;
			remoteGlobalIDString = 0B44D34926E85FEB00D9AA41;
			remoteInfo = Flix;
		};
		0B44D36C26E85FF000D9AA41 /* PBXContainerItemProxy */ = {
			isa = PBXContainerItemProxy;
			containerPortal = 0B44D34226E85FEA00D9AA41 /* Project object */;
			proxyType = 1;
			remoteGlobalIDString = 0B44D34926E85FEB00D9AA41;
			remoteInfo = Flix;
		};
/* End PBXContainerItemProxy section */

/* Begin PBXFileReference section */
		0B44D34A26E85FEB00D9AA41 /* Flix.app */ = {isa = PBXFileReference; explicitFileType = wrapper.application; includeInIndex = 0; path = Flix.app; sourceTree = BUILT_PRODUCTS_DIR; };
		0B44D34D26E85FEB00D9AA41 /* AppDelegate.swift */ = {isa = PBXFileReference; lastKnownFileType = sourcecode.swift; path = AppDelegate.swift; sourceTree = "<group>"; };
		0B44D34F26E85FEB00D9AA41 /* SceneDelegate.swift */ = {isa = PBXFileReference; lastKnownFileType = sourcecode.swift; path = SceneDelegate.swift; sourceTree = "<group>"; };
		0B44D35126E85FEB00D9AA41 /* ViewController.swift */ = {isa = PBXFileReference; lastKnownFileType = sourcecode.swift; path = ViewController.swift; sourceTree = "<group>"; };
		0B44D35426E85FEB00D9AA41 /* Base */ = {isa = PBXFileReference; lastKnownFileType = file.storyboard; name = Base; path = Base.lproj/Main.storyboard; sourceTree = "<group>"; };
		0B44D35626E85FEF00D9AA41 /* Assets.xcassets */ = {isa = PBXFileReference; lastKnownFileType = folder.assetcatalog; path = Assets.xcassets; sourceTree = "<group>"; };
		0B44D35926E85FEF00D9AA41 /* Base */ = {isa = PBXFileReference; lastKnownFileType = file.storyboard; name = Base; path = Base.lproj/LaunchScreen.storyboard; sourceTree = "<group>"; };
		0B44D35B26E85FEF00D9AA41 /* Info.plist */ = {isa = PBXFileReference; lastKnownFileType = text.plist.xml; path = Info.plist; sourceTree = "<group>"; };
		0B44D36026E85FF000D9AA41 /* FlixTests.xctest */ = {isa = PBXFileReference; explicitFileType = wrapper.cfbundle; includeInIndex = 0; path = FlixTests.xctest; sourceTree = BUILT_PRODUCTS_DIR; };
		0B44D36426E85FF000D9AA41 /* FlixTests.swift */ = {isa = PBXFileReference; lastKnownFileType = sourcecode.swift; path = FlixTests.swift; sourceTree = "<group>"; };
		0B44D36626E85FF000D9AA41 /* Info.plist */ = {isa = PBXFileReference; lastKnownFileType = text.plist.xml; path = Info.plist; sourceTree = "<group>"; };
		0B44D36B26E85FF000D9AA41 /* FlixUITests.xctest */ = {isa = PBXFileReference; explicitFileType = wrapper.cfbundle; includeInIndex = 0; path = FlixUITests.xctest; sourceTree = BUILT_PRODUCTS_DIR; };
		0B44D36F26E85FF000D9AA41 /* FlixUITests.swift */ = {isa = PBXFileReference; lastKnownFileType = sourcecode.swift; path = FlixUITests.swift; sourceTree = "<group>"; };
		0B44D37126E85FF000D9AA41 /* Info.plist */ = {isa = PBXFileReference; lastKnownFileType = text.plist.xml; path = Info.plist; sourceTree = "<group>"; };
		0B44D37F26E862A100D9AA41 /* MoviesViewController.swift */ = {isa = PBXFileReference; lastKnownFileType = sourcecode.swift; path = MoviesViewController.swift; sourceTree = "<group>"; };
		0B44D38126E87B8200D9AA41 /* MovieCell.swift */ = {isa = PBXFileReference; lastKnownFileType = sourcecode.swift; path = MovieCell.swift; sourceTree = "<group>"; };
		0B89AD9026F6BD81009485AE /* MovieGridViewController.swift */ = {isa = PBXFileReference; lastKnownFileType = sourcecode.swift; path = MovieGridViewController.swift; sourceTree = "<group>"; };
		0B89AD9226F7A1CF009485AE /* MovieGridCell.swift */ = {isa = PBXFileReference; lastKnownFileType = sourcecode.swift; path = MovieGridCell.swift; sourceTree = "<group>"; };
		0BFBB4AE26EEA89800E59431 /* MovieDetailsViewController.swift */ = {isa = PBXFileReference; lastKnownFileType = sourcecode.swift; path = MovieDetailsViewController.swift; sourceTree = "<group>"; };
		183EF19F40DE32CBE9044477 /* Pods_Flix_FlixUITests.framework */ = {isa = PBXFileReference; explicitFileType = wrapper.framework; includeInIndex = 0; path = Pods_Flix_FlixUITests.framework; sourceTree = BUILT_PRODUCTS_DIR; };
		26AE2D5062343C2D811E0CCE /* Pods-FlixTests.release.xcconfig */ = {isa = PBXFileReference; includeInIndex = 1; lastKnownFileType = text.xcconfig; name = "Pods-FlixTests.release.xcconfig"; path = "Target Support Files/Pods-FlixTests/Pods-FlixTests.release.xcconfig"; sourceTree = "<group>"; };
		30BE20F7BDCE83E64BF7EE28 /* Pods-Flix-FlixUITests.debug.xcconfig */ = {isa = PBXFileReference; includeInIndex = 1; lastKnownFileType = text.xcconfig; name = "Pods-Flix-FlixUITests.debug.xcconfig"; path = "Target Support Files/Pods-Flix-FlixUITests/Pods-Flix-FlixUITests.debug.xcconfig"; sourceTree = "<group>"; };
		6DF39427D0E3F4503459B030 /* Pods_FlixTests.framework */ = {isa = PBXFileReference; explicitFileType = wrapper.framework; includeInIndex = 0; path = Pods_FlixTests.framework; sourceTree = BUILT_PRODUCTS_DIR; };
		BDE96E382D7AD9B19CDC8A71 /* Pods-Flix-FlixUITests.release.xcconfig */ = {isa = PBXFileReference; includeInIndex = 1; lastKnownFileType = text.xcconfig; name = "Pods-Flix-FlixUITests.release.xcconfig"; path = "Target Support Files/Pods-Flix-FlixUITests/Pods-Flix-FlixUITests.release.xcconfig"; sourceTree = "<group>"; };
		C61D744A4CD3A8A0E8053739 /* Pods_Flix.framework */ = {isa = PBXFileReference; explicitFileType = wrapper.framework; includeInIndex = 0; path = Pods_Flix.framework; sourceTree = BUILT_PRODUCTS_DIR; };
		CC45513AA434532A486DDB67 /* Pods-Flix.release.xcconfig */ = {isa = PBXFileReference; includeInIndex = 1; lastKnownFileType = text.xcconfig; name = "Pods-Flix.release.xcconfig"; path = "Target Support Files/Pods-Flix/Pods-Flix.release.xcconfig"; sourceTree = "<group>"; };
		CFD0021193BC1C03ED9CDF7E /* Pods-FlixTests.debug.xcconfig */ = {isa = PBXFileReference; includeInIndex = 1; lastKnownFileType = text.xcconfig; name = "Pods-FlixTests.debug.xcconfig"; path = "Target Support Files/Pods-FlixTests/Pods-FlixTests.debug.xcconfig"; sourceTree = "<group>"; };
		F1A681F893CD657F75F860B7 /* Pods-Flix.debug.xcconfig */ = {isa = PBXFileReference; includeInIndex = 1; lastKnownFileType = text.xcconfig; name = "Pods-Flix.debug.xcconfig"; path = "Target Support Files/Pods-Flix/Pods-Flix.debug.xcconfig"; sourceTree = "<group>"; };
/* End PBXFileReference section */

/* Begin PBXFrameworksBuildPhase section */
		0B44D34726E85FEB00D9AA41 /* Frameworks */ = {
			isa = PBXFrameworksBuildPhase;
			buildActionMask = 2147483647;
			files = (
				FA6503A6747735D512C41AF2 /* Pods_Flix.framework in Frameworks */,
			);
			runOnlyForDeploymentPostprocessing = 0;
		};
		0B44D35D26E85FF000D9AA41 /* Frameworks */ = {
			isa = PBXFrameworksBuildPhase;
			buildActionMask = 2147483647;
			files = (
				0C54FD49DC6503B247785986 /* Pods_FlixTests.framework in Frameworks */,
			);
			runOnlyForDeploymentPostprocessing = 0;
		};
		0B44D36826E85FF000D9AA41 /* Frameworks */ = {
			isa = PBXFrameworksBuildPhase;
			buildActionMask = 2147483647;
			files = (
				EDC67233E4D60584001757AB /* Pods_Flix_FlixUITests.framework in Frameworks */,
			);
			runOnlyForDeploymentPostprocessing = 0;
		};
/* End PBXFrameworksBuildPhase section */

/* Begin PBXGroup section */
		0B44D34126E85FEA00D9AA41 = {
			isa = PBXGroup;
			children = (
				0B44D34C26E85FEB00D9AA41 /* Flix */,
				0B44D36326E85FF000D9AA41 /* FlixTests */,
				0B44D36E26E85FF000D9AA41 /* FlixUITests */,
				0B44D34B26E85FEB00D9AA41 /* Products */,
				D4944700E0182886CD478165 /* Pods */,
				852CD2B8CD4998EE1308ACCD /* Frameworks */,
			);
			sourceTree = "<group>";
		};
		0B44D34B26E85FEB00D9AA41 /* Products */ = {
			isa = PBXGroup;
			children = (
				0B44D34A26E85FEB00D9AA41 /* Flix.app */,
				0B44D36026E85FF000D9AA41 /* FlixTests.xctest */,
				0B44D36B26E85FF000D9AA41 /* FlixUITests.xctest */,
			);
			name = Products;
			sourceTree = "<group>";
		};
		0B44D34C26E85FEB00D9AA41 /* Flix */ = {
			isa = PBXGroup;
			children = (
				0B44D34D26E85FEB00D9AA41 /* AppDelegate.swift */,
				0B89AD9226F7A1CF009485AE /* MovieGridCell.swift */,
				0B89AD9026F6BD81009485AE /* MovieGridViewController.swift */,
				0B44D34F26E85FEB00D9AA41 /* SceneDelegate.swift */,
				0B44D35126E85FEB00D9AA41 /* ViewController.swift */,
				0B44D35326E85FEB00D9AA41 /* Main.storyboard */,
				0BFBB4AE26EEA89800E59431 /* MovieDetailsViewController.swift */,
				0B44D37F26E862A100D9AA41 /* MoviesViewController.swift */,
				0B44D38126E87B8200D9AA41 /* MovieCell.swift */,
				0B44D35626E85FEF00D9AA41 /* Assets.xcassets */,
				0B44D35826E85FEF00D9AA41 /* LaunchScreen.storyboard */,
				0B44D35B26E85FEF00D9AA41 /* Info.plist */,
			);
			path = Flix;
			sourceTree = "<group>";
		};
		0B44D36326E85FF000D9AA41 /* FlixTests */ = {
			isa = PBXGroup;
			children = (
				0B44D36426E85FF000D9AA41 /* FlixTests.swift */,
				0B44D36626E85FF000D9AA41 /* Info.plist */,
			);
			path = FlixTests;
			sourceTree = "<group>";
		};
		0B44D36E26E85FF000D9AA41 /* FlixUITests */ = {
			isa = PBXGroup;
			children = (
				0B44D36F26E85FF000D9AA41 /* FlixUITests.swift */,
				0B44D37126E85FF000D9AA41 /* Info.plist */,
			);
			path = FlixUITests;
			sourceTree = "<group>";
		};
		852CD2B8CD4998EE1308ACCD /* Frameworks */ = {
			isa = PBXGroup;
			children = (
				C61D744A4CD3A8A0E8053739 /* Pods_Flix.framework */,
				183EF19F40DE32CBE9044477 /* Pods_Flix_FlixUITests.framework */,
				6DF39427D0E3F4503459B030 /* Pods_FlixTests.framework */,
			);
			name = Frameworks;
			sourceTree = "<group>";
		};
		D4944700E0182886CD478165 /* Pods */ = {
			isa = PBXGroup;
			children = (
				F1A681F893CD657F75F860B7 /* Pods-Flix.debug.xcconfig */,
				CC45513AA434532A486DDB67 /* Pods-Flix.release.xcconfig */,
				30BE20F7BDCE83E64BF7EE28 /* Pods-Flix-FlixUITests.debug.xcconfig */,
				BDE96E382D7AD9B19CDC8A71 /* Pods-Flix-FlixUITests.release.xcconfig */,
				CFD0021193BC1C03ED9CDF7E /* Pods-FlixTests.debug.xcconfig */,
				26AE2D5062343C2D811E0CCE /* Pods-FlixTests.release.xcconfig */,
			);
			path = Pods;
			sourceTree = "<group>";
		};
/* End PBXGroup section */

/* Begin PBXNativeTarget section */
		0B44D34926E85FEB00D9AA41 /* Flix */ = {
			isa = PBXNativeTarget;
			buildConfigurationList = 0B44D37426E85FF000D9AA41 /* Build configuration list for PBXNativeTarget "Flix" */;
			buildPhases = (
				5B549DF8A926439A7C7E19CA /* [CP] Check Pods Manifest.lock */,
				0B44D34626E85FEB00D9AA41 /* Sources */,
				0B44D34726E85FEB00D9AA41 /* Frameworks */,
				0B44D34826E85FEB00D9AA41 /* Resources */,
				CAEE15EC06F012112F1114E0 /* [CP] Embed Pods Frameworks */,
			);
			buildRules = (
			);
			dependencies = (
			);
			name = Flix;
			productName = Flix;
			productReference = 0B44D34A26E85FEB00D9AA41 /* Flix.app */;
			productType = "com.apple.product-type.application";
		};
		0B44D35F26E85FF000D9AA41 /* FlixTests */ = {
			isa = PBXNativeTarget;
			buildConfigurationList = 0B44D37726E85FF000D9AA41 /* Build configuration list for PBXNativeTarget "FlixTests" */;
			buildPhases = (
				FAA43204F83FD54BD20779F4 /* [CP] Check Pods Manifest.lock */,
				0B44D35C26E85FF000D9AA41 /* Sources */,
				0B44D35D26E85FF000D9AA41 /* Frameworks */,
				0B44D35E26E85FF000D9AA41 /* Resources */,
			);
			buildRules = (
			);
			dependencies = (
				0B44D36226E85FF000D9AA41 /* PBXTargetDependency */,
			);
			name = FlixTests;
			productName = FlixTests;
			productReference = 0B44D36026E85FF000D9AA41 /* FlixTests.xctest */;
			productType = "com.apple.product-type.bundle.unit-test";
		};
		0B44D36A26E85FF000D9AA41 /* FlixUITests */ = {
			isa = PBXNativeTarget;
			buildConfigurationList = 0B44D37A26E85FF000D9AA41 /* Build configuration list for PBXNativeTarget "FlixUITests" */;
			buildPhases = (
				FE505BE776E41BFB6E83DD24 /* [CP] Check Pods Manifest.lock */,
				0B44D36726E85FF000D9AA41 /* Sources */,
				0B44D36826E85FF000D9AA41 /* Frameworks */,
				0B44D36926E85FF000D9AA41 /* Resources */,
				BDEE1A046369F91C97060A29 /* [CP] Embed Pods Frameworks */,
			);
			buildRules = (
			);
			dependencies = (
				0B44D36D26E85FF000D9AA41 /* PBXTargetDependency */,
			);
			name = FlixUITests;
			productName = FlixUITests;
			productReference = 0B44D36B26E85FF000D9AA41 /* FlixUITests.xctest */;
			productType = "com.apple.product-type.bundle.ui-testing";
		};
/* End PBXNativeTarget section */

/* Begin PBXProject section */
		0B44D34226E85FEA00D9AA41 /* Project object */ = {
			isa = PBXProject;
			attributes = {
				LastSwiftUpdateCheck = 1250;
				LastUpgradeCheck = 1250;
				ORGANIZATIONNAME = "popoviciyoel@gmail.com";
				TargetAttributes = {
					0B44D34926E85FEB00D9AA41 = {
						CreatedOnToolsVersion = 12.5.1;
					};
					0B44D35F26E85FF000D9AA41 = {
						CreatedOnToolsVersion = 12.5.1;
						TestTargetID = 0B44D34926E85FEB00D9AA41;
					};
					0B44D36A26E85FF000D9AA41 = {
						CreatedOnToolsVersion = 12.5.1;
						TestTargetID = 0B44D34926E85FEB00D9AA41;
					};
				};
			};
			buildConfigurationList = 0B44D34526E85FEA00D9AA41 /* Build configuration list for PBXProject "Flix" */;
			compatibilityVersion = "Xcode 9.3";
			developmentRegion = en;
			hasScannedForEncodings = 0;
			knownRegions = (
				en,
				Base,
			);
			mainGroup = 0B44D34126E85FEA00D9AA41;
			productRefGroup = 0B44D34B26E85FEB00D9AA41 /* Products */;
			projectDirPath = "";
			projectRoot = "";
			targets = (
				0B44D34926E85FEB00D9AA41 /* Flix */,
				0B44D35F26E85FF000D9AA41 /* FlixTests */,
				0B44D36A26E85FF000D9AA41 /* FlixUITests */,
			);
		};
/* End PBXProject section */

/* Begin PBXResourcesBuildPhase section */
		0B44D34826E85FEB00D9AA41 /* Resources */ = {
			isa = PBXResourcesBuildPhase;
			buildActionMask = 2147483647;
			files = (
				0B44D35A26E85FEF00D9AA41 /* LaunchScreen.storyboard in Resources */,
				0B44D35726E85FEF00D9AA41 /* Assets.xcassets in Resources */,
				0B44D35526E85FEB00D9AA41 /* Main.storyboard in Resources */,
			);
			runOnlyForDeploymentPostprocessing = 0;
		};
		0B44D35E26E85FF000D9AA41 /* Resources */ = {
			isa = PBXResourcesBuildPhase;
			buildActionMask = 2147483647;
			files = (
			);
			runOnlyForDeploymentPostprocessing = 0;
		};
		0B44D36926E85FF000D9AA41 /* Resources */ = {
			isa = PBXResourcesBuildPhase;
			buildActionMask = 2147483647;
			files = (
			);
			runOnlyForDeploymentPostprocessing = 0;
		};
/* End PBXResourcesBuildPhase section */

/* Begin PBXShellScriptBuildPhase section */
		5B549DF8A926439A7C7E19CA /* [CP] Check Pods Manifest.lock */ = {
			isa = PBXShellScriptBuildPhase;
			buildActionMask = 2147483647;
			files = (
			);
			inputFileListPaths = (
			);
			inputPaths = (
				"${PODS_PODFILE_DIR_PATH}/Podfile.lock",
				"${PODS_ROOT}/Manifest.lock",
			);
			name = "[CP] Check Pods Manifest.lock";
			outputFileListPaths = (
			);
			outputPaths = (
				"$(DERIVED_FILE_DIR)/Pods-Flix-checkManifestLockResult.txt",
			);
			runOnlyForDeploymentPostprocessing = 0;
			shellPath = /bin/sh;
			shellScript = "diff \"${PODS_PODFILE_DIR_PATH}/Podfile.lock\" \"${PODS_ROOT}/Manifest.lock\" > /dev/null\nif [ $? != 0 ] ; then\n    # print error to STDERR\n    echo \"error: The sandbox is not in sync with the Podfile.lock. Run 'pod install' or update your CocoaPods installation.\" >&2\n    exit 1\nfi\n# This output is used by Xcode 'outputs' to avoid re-running this script phase.\necho \"SUCCESS\" > \"${SCRIPT_OUTPUT_FILE_0}\"\n";
			showEnvVarsInLog = 0;
		};
		BDEE1A046369F91C97060A29 /* [CP] Embed Pods Frameworks */ = {
			isa = PBXShellScriptBuildPhase;
			buildActionMask = 2147483647;
			files = (
			);
			inputFileListPaths = (
				"${PODS_ROOT}/Target Support Files/Pods-Flix-FlixUITests/Pods-Flix-FlixUITests-frameworks-${CONFIGURATION}-input-files.xcfilelist",
			);
			name = "[CP] Embed Pods Frameworks";
			outputFileListPaths = (
				"${PODS_ROOT}/Target Support Files/Pods-Flix-FlixUITests/Pods-Flix-FlixUITests-frameworks-${CONFIGURATION}-output-files.xcfilelist",
			);
			runOnlyForDeploymentPostprocessing = 0;
			shellPath = /bin/sh;
			shellScript = "\"${PODS_ROOT}/Target Support Files/Pods-Flix-FlixUITests/Pods-Flix-FlixUITests-frameworks.sh\"\n";
			showEnvVarsInLog = 0;
		};
		CAEE15EC06F012112F1114E0 /* [CP] Embed Pods Frameworks */ = {
			isa = PBXShellScriptBuildPhase;
			buildActionMask = 2147483647;
			files = (
			);
			inputFileListPaths = (
				"${PODS_ROOT}/Target Support Files/Pods-Flix/Pods-Flix-frameworks-${CONFIGURATION}-input-files.xcfilelist",
			);
			name = "[CP] Embed Pods Frameworks";
			outputFileListPaths = (
				"${PODS_ROOT}/Target Support Files/Pods-Flix/Pods-Flix-frameworks-${CONFIGURATION}-output-files.xcfilelist",
			);
			runOnlyForDeploymentPostprocessing = 0;
			shellPath = /bin/sh;
			shellScript = "\"${PODS_ROOT}/Target Support Files/Pods-Flix/Pods-Flix-frameworks.sh\"\n";
			showEnvVarsInLog = 0;
		};
		FAA43204F83FD54BD20779F4 /* [CP] Check Pods Manifest.lock */ = {
			isa = PBXShellScriptBuildPhase;
			buildActionMask = 2147483647;
			files = (
			);
			inputFileListPaths = (
			);
			inputPaths = (
				"${PODS_PODFILE_DIR_PATH}/Podfile.lock",
				"${PODS_ROOT}/Manifest.lock",
			);
			name = "[CP] Check Pods Manifest.lock";
			outputFileListPaths = (
			);
			outputPaths = (
				"$(DERIVED_FILE_DIR)/Pods-FlixTests-checkManifestLockResult.txt",
			);
			runOnlyForDeploymentPostprocessing = 0;
			shellPath = /bin/sh;
			shellScript = "diff \"${PODS_PODFILE_DIR_PATH}/Podfile.lock\" \"${PODS_ROOT}/Manifest.lock\" > /dev/null\nif [ $? != 0 ] ; then\n    # print error to STDERR\n    echo \"error: The sandbox is not in sync with the Podfile.lock. Run 'pod install' or update your CocoaPods installation.\" >&2\n    exit 1\nfi\n# This output is used by Xcode 'outputs' to avoid re-running this script phase.\necho \"SUCCESS\" > \"${SCRIPT_OUTPUT_FILE_0}\"\n";
			showEnvVarsInLog = 0;
		};
		FE505BE776E41BFB6E83DD24 /* [CP] Check Pods Manifest.lock */ = {
			isa = PBXShellScriptBuildPhase;
			buildActionMask = 2147483647;
			files = (
			);
			inputFileListPaths = (
			);
			inputPaths = (
				"${PODS_PODFILE_DIR_PATH}/Podfile.lock",
				"${PODS_ROOT}/Manifest.lock",
			);
			name = "[CP] Check Pods Manifest.lock";
			outputFileListPaths = (
			);
			outputPaths = (
				"$(DERIVED_FILE_DIR)/Pods-Flix-FlixUITests-checkManifestLockResult.txt",
			);
			runOnlyForDeploymentPostprocessing = 0;
			shellPath = /bin/sh;
			shellScript = "diff \"${PODS_PODFILE_DIR_PATH}/Podfile.lock\" \"${PODS_ROOT}/Manifest.lock\" > /dev/null\nif [ $? != 0 ] ; then\n    # print error to STDERR\n    echo \"error: The sandbox is not in sync with the Podfile.lock. Run 'pod install' or update your CocoaPods installation.\" >&2\n    exit 1\nfi\n# This output is used by Xcode 'outputs' to avoid re-running this script phase.\necho \"SUCCESS\" > \"${SCRIPT_OUTPUT_FILE_0}\"\n";
			showEnvVarsInLog = 0;
		};
/* End PBXShellScriptBuildPhase section */

/* Begin PBXSourcesBuildPhase section */
		0B44D34626E85FEB00D9AA41 /* Sources */ = {
			isa = PBXSourcesBuildPhase;
			buildActionMask = 2147483647;
			files = (
				0B44D35226E85FEB00D9AA41 /* ViewController.swift in Sources */,
				0B44D34E26E85FEB00D9AA41 /* AppDelegate.swift in Sources */,
				0BFBB4AF26EEA89800E59431 /* MovieDetailsViewController.swift in Sources */,
				0B89AD9126F6BD81009485AE /* MovieGridViewController.swift in Sources */,
				0B89AD9326F7A1CF009485AE /* MovieGridCell.swift in Sources */,
				0B44D35026E85FEB00D9AA41 /* SceneDelegate.swift in Sources */,
				0B44D38226E87B8200D9AA41 /* MovieCell.swift in Sources */,
				0B44D38026E862A100D9AA41 /* MoviesViewController.swift in Sources */,
			);
			runOnlyForDeploymentPostprocessing = 0;
		};
		0B44D35C26E85FF000D9AA41 /* Sources */ = {
			isa = PBXSourcesBuildPhase;
			buildActionMask = 2147483647;
			files = (
				0B44D36526E85FF000D9AA41 /* FlixTests.swift in Sources */,
			);
			runOnlyForDeploymentPostprocessing = 0;
		};
		0B44D36726E85FF000D9AA41 /* Sources */ = {
			isa = PBXSourcesBuildPhase;
			buildActionMask = 2147483647;
			files = (
				0B44D37026E85FF000D9AA41 /* FlixUITests.swift in Sources */,
			);
			runOnlyForDeploymentPostprocessing = 0;
		};
/* End PBXSourcesBuildPhase section */

/* Begin PBXTargetDependency section */
		0B44D36226E85FF000D9AA41 /* PBXTargetDependency */ = {
			isa = PBXTargetDependency;
			target = 0B44D34926E85FEB00D9AA41 /* Flix */;
			targetProxy = 0B44D36126E85FF000D9AA41 /* PBXContainerItemProxy */;
		};
		0B44D36D26E85FF000D9AA41 /* PBXTargetDependency */ = {
			isa = PBXTargetDependency;
			target = 0B44D34926E85FEB00D9AA41 /* Flix */;
			targetProxy = 0B44D36C26E85FF000D9AA41 /* PBXContainerItemProxy */;
		};
/* End PBXTargetDependency section */

/* Begin PBXVariantGroup section */
		0B44D35326E85FEB00D9AA41 /* Main.storyboard */ = {
			isa = PBXVariantGroup;
			children = (
				0B44D35426E85FEB00D9AA41 /* Base */,
			);
			name = Main.storyboard;
			sourceTree = "<group>";
		};
		0B44D35826E85FEF00D9AA41 /* LaunchScreen.storyboard */ = {
			isa = PBXVariantGroup;
			children = (
				0B44D35926E85FEF00D9AA41 /* Base */,
			);
			name = LaunchScreen.storyboard;
			sourceTree = "<group>";
		};
/* End PBXVariantGroup section */

/* Begin XCBuildConfiguration section */
		0B44D37226E85FF000D9AA41 /* Debug */ = {
			isa = XCBuildConfiguration;
			buildSettings = {
				ALWAYS_SEARCH_USER_PATHS = NO;
				CLANG_ANALYZER_NONNULL = YES;
				CLANG_ANALYZER_NUMBER_OBJECT_CONVERSION = YES_AGGRESSIVE;
				CLANG_CXX_LANGUAGE_STANDARD = "gnu++14";
				CLANG_CXX_LIBRARY = "libc++";
				CLANG_ENABLE_MODULES = YES;
				CLANG_ENABLE_OBJC_ARC = YES;
				CLANG_ENABLE_OBJC_WEAK = YES;
				CLANG_WARN_BLOCK_CAPTURE_AUTORELEASING = YES;
				CLANG_WARN_BOOL_CONVERSION = YES;
				CLANG_WARN_COMMA = YES;
				CLANG_WARN_CONSTANT_CONVERSION = YES;
				CLANG_WARN_DEPRECATED_OBJC_IMPLEMENTATIONS = YES;
				CLANG_WARN_DIRECT_OBJC_ISA_USAGE = YES_ERROR;
				CLANG_WARN_DOCUMENTATION_COMMENTS = YES;
				CLANG_WARN_EMPTY_BODY = YES;
				CLANG_WARN_ENUM_CONVERSION = YES;
				CLANG_WARN_INFINITE_RECURSION = YES;
				CLANG_WARN_INT_CONVERSION = YES;
				CLANG_WARN_NON_LITERAL_NULL_CONVERSION = YES;
				CLANG_WARN_OBJC_IMPLICIT_RETAIN_SELF = YES;
				CLANG_WARN_OBJC_LITERAL_CONVERSION = YES;
				CLANG_WARN_OBJC_ROOT_CLASS = YES_ERROR;
				CLANG_WARN_QUOTED_INCLUDE_IN_FRAMEWORK_HEADER = YES;
				CLANG_WARN_RANGE_LOOP_ANALYSIS = YES;
				CLANG_WARN_STRICT_PROTOTYPES = YES;
				CLANG_WARN_SUSPICIOUS_MOVE = YES;
				CLANG_WARN_UNGUARDED_AVAILABILITY = YES_AGGRESSIVE;
				CLANG_WARN_UNREACHABLE_CODE = YES;
				CLANG_WARN__DUPLICATE_METHOD_MATCH = YES;
				COPY_PHASE_STRIP = NO;
				DEBUG_INFORMATION_FORMAT = dwarf;
				ENABLE_STRICT_OBJC_MSGSEND = YES;
				ENABLE_TESTABILITY = YES;
				GCC_C_LANGUAGE_STANDARD = gnu11;
				GCC_DYNAMIC_NO_PIC = NO;
				GCC_NO_COMMON_BLOCKS = YES;
				GCC_OPTIMIZATION_LEVEL = 0;
				GCC_PREPROCESSOR_DEFINITIONS = (
					"DEBUG=1",
					"$(inherited)",
				);
				GCC_WARN_64_TO_32_BIT_CONVERSION = YES;
				GCC_WARN_ABOUT_RETURN_TYPE = YES_ERROR;
				GCC_WARN_UNDECLARED_SELECTOR = YES;
				GCC_WARN_UNINITIALIZED_AUTOS = YES_AGGRESSIVE;
				GCC_WARN_UNUSED_FUNCTION = YES;
				GCC_WARN_UNUSED_VARIABLE = YES;
				IPHONEOS_DEPLOYMENT_TARGET = 14.5;
				MTL_ENABLE_DEBUG_INFO = INCLUDE_SOURCE;
				MTL_FAST_MATH = YES;
				ONLY_ACTIVE_ARCH = YES;
				SDKROOT = iphoneos;
				SWIFT_ACTIVE_COMPILATION_CONDITIONS = DEBUG;
				SWIFT_OPTIMIZATION_LEVEL = "-Onone";
			};
			name = Debug;
		};
		0B44D37326E85FF000D9AA41 /* Release */ = {
			isa = XCBuildConfiguration;
			buildSettings = {
				ALWAYS_SEARCH_USER_PATHS = NO;
				CLANG_ANALYZER_NONNULL = YES;
				CLANG_ANALYZER_NUMBER_OBJECT_CONVERSION = YES_AGGRESSIVE;
				CLANG_CXX_LANGUAGE_STANDARD = "gnu++14";
				CLANG_CXX_LIBRARY = "libc++";
				CLANG_ENABLE_MODULES = YES;
				CLANG_ENABLE_OBJC_ARC = YES;
				CLANG_ENABLE_OBJC_WEAK = YES;
				CLANG_WARN_BLOCK_CAPTURE_AUTORELEASING = YES;
				CLANG_WARN_BOOL_CONVERSION = YES;
				CLANG_WARN_COMMA = YES;
				CLANG_WARN_CONSTANT_CONVERSION = YES;
				CLANG_WARN_DEPRECATED_OBJC_IMPLEMENTATIONS = YES;
				CLANG_WARN_DIRECT_OBJC_ISA_USAGE = YES_ERROR;
				CLANG_WARN_DOCUMENTATION_COMMENTS = YES;
				CLANG_WARN_EMPTY_BODY = YES;
				CLANG_WARN_ENUM_CONVERSION = YES;
				CLANG_WARN_INFINITE_RECURSION = YES;
				CLANG_WARN_INT_CONVERSION = YES;
				CLANG_WARN_NON_LITERAL_NULL_CONVERSION = YES;
				CLANG_WARN_OBJC_IMPLICIT_RETAIN_SELF = YES;
				CLANG_WARN_OBJC_LITERAL_CONVERSION = YES;
				CLANG_WARN_OBJC_ROOT_CLASS = YES_ERROR;
				CLANG_WARN_QUOTED_INCLUDE_IN_FRAMEWORK_HEADER = YES;
				CLANG_WARN_RANGE_LOOP_ANALYSIS = YES;
				CLANG_WARN_STRICT_PROTOTYPES = YES;
				CLANG_WARN_SUSPICIOUS_MOVE = YES;
				CLANG_WARN_UNGUARDED_AVAILABILITY = YES_AGGRESSIVE;
				CLANG_WARN_UNREACHABLE_CODE = YES;
				CLANG_WARN__DUPLICATE_METHOD_MATCH = YES;
				COPY_PHASE_STRIP = NO;
				DEBUG_INFORMATION_FORMAT = "dwarf-with-dsym";
				ENABLE_NS_ASSERTIONS = NO;
				ENABLE_STRICT_OBJC_MSGSEND = YES;
				GCC_C_LANGUAGE_STANDARD = gnu11;
				GCC_NO_COMMON_BLOCKS = YES;
				GCC_WARN_64_TO_32_BIT_CONVERSION = YES;
				GCC_WARN_ABOUT_RETURN_TYPE = YES_ERROR;
				GCC_WARN_UNDECLARED_SELECTOR = YES;
				GCC_WARN_UNINITIALIZED_AUTOS = YES_AGGRESSIVE;
				GCC_WARN_UNUSED_FUNCTION = YES;
				GCC_WARN_UNUSED_VARIABLE = YES;
				IPHONEOS_DEPLOYMENT_TARGET = 14.5;
				MTL_ENABLE_DEBUG_INFO = NO;
				MTL_FAST_MATH = YES;
				SDKROOT = iphoneos;
				SWIFT_COMPILATION_MODE = wholemodule;
				SWIFT_OPTIMIZATION_LEVEL = "-O";
				VALIDATE_PRODUCT = YES;
			};
			name = Release;
		};
		0B44D37526E85FF000D9AA41 /* Debug */ = {
			isa = XCBuildConfiguration;
			baseConfigurationReference = F1A681F893CD657F75F860B7 /* Pods-Flix.debug.xcconfig */;
			buildSettings = {
				ASSETCATALOG_COMPILER_APPICON_NAME = AppIcon;
				ASSETCATALOG_COMPILER_GLOBAL_ACCENT_COLOR_NAME = AccentColor;
				CODE_SIGN_STYLE = Automatic;
				DEVELOPMENT_TEAM = 9WWLDVMTCM;
				INFOPLIST_FILE = Flix/Info.plist;
				LD_RUNPATH_SEARCH_PATHS = (
					"$(inherited)",
					"@executable_path/Frameworks",
				);
				PRODUCT_BUNDLE_IDENTIFIER = com.FlixYoel;
				PRODUCT_NAME = "$(TARGET_NAME)";
				SWIFT_VERSION = 5.0;
				TARGETED_DEVICE_FAMILY = "1,2";
			};
			name = Debug;
		};
		0B44D37626E85FF000D9AA41 /* Release */ = {
			isa = XCBuildConfiguration;
			baseConfigurationReference = CC45513AA434532A486DDB67 /* Pods-Flix.release.xcconfig */;
			buildSettings = {
				ASSETCATALOG_COMPILER_APPICON_NAME = AppIcon;
				ASSETCATALOG_COMPILER_GLOBAL_ACCENT_COLOR_NAME = AccentColor;
				CODE_SIGN_STYLE = Automatic;
				DEVELOPMENT_TEAM = 9WWLDVMTCM;
				INFOPLIST_FILE = Flix/Info.plist;
				LD_RUNPATH_SEARCH_PATHS = (
					"$(inherited)",
					"@executable_path/Frameworks",
				);
				PRODUCT_BUNDLE_IDENTIFIER = com.FlixYoel;
				PRODUCT_NAME = "$(TARGET_NAME)";
				SWIFT_VERSION = 5.0;
				TARGETED_DEVICE_FAMILY = "1,2";
			};
			name = Release;
		};
		0B44D37826E85FF000D9AA41 /* Debug */ = {
			isa = XCBuildConfiguration;
			baseConfigurationReference = CFD0021193BC1C03ED9CDF7E /* Pods-FlixTests.debug.xcconfig */;
			buildSettings = {
				ALWAYS_EMBED_SWIFT_STANDARD_LIBRARIES = YES;
				BUNDLE_LOADER = "$(TEST_HOST)";
				CODE_SIGN_STYLE = Automatic;
				INFOPLIST_FILE = FlixTests/Info.plist;
				IPHONEOS_DEPLOYMENT_TARGET = 14.5;
				LD_RUNPATH_SEARCH_PATHS = (
					"$(inherited)",
					"@executable_path/Frameworks",
					"@loader_path/Frameworks",
				);
				PRODUCT_BUNDLE_IDENTIFIER = com.FlixTests;
				PRODUCT_NAME = "$(TARGET_NAME)";
				SWIFT_VERSION = 5.0;
				TARGETED_DEVICE_FAMILY = "1,2";
				TEST_HOST = "$(BUILT_PRODUCTS_DIR)/Flix.app/Flix";
			};
			name = Debug;
		};
		0B44D37926E85FF000D9AA41 /* Release */ = {
			isa = XCBuildConfiguration;
			baseConfigurationReference = 26AE2D5062343C2D811E0CCE /* Pods-FlixTests.release.xcconfig */;
			buildSettings = {
				ALWAYS_EMBED_SWIFT_STANDARD_LIBRARIES = YES;
				BUNDLE_LOADER = "$(TEST_HOST)";
				CODE_SIGN_STYLE = Automatic;
				INFOPLIST_FILE = FlixTests/Info.plist;
				IPHONEOS_DEPLOYMENT_TARGET = 14.5;
				LD_RUNPATH_SEARCH_PATHS = (
					"$(inherited)",
					"@executable_path/Frameworks",
					"@loader_path/Frameworks",
				);
				PRODUCT_BUNDLE_IDENTIFIER = com.FlixTests;
				PRODUCT_NAME = "$(TARGET_NAME)";
				SWIFT_VERSION = 5.0;
				TARGETED_DEVICE_FAMILY = "1,2";
				TEST_HOST = "$(BUILT_PRODUCTS_DIR)/Flix.app/Flix";
			};
			name = Release;
		};
		0B44D37B26E85FF000D9AA41 /* Debug */ = {
			isa = XCBuildConfiguration;
			baseConfigurationReference = 30BE20F7BDCE83E64BF7EE28 /* Pods-Flix-FlixUITests.debug.xcconfig */;
			buildSettings = {
				ALWAYS_EMBED_SWIFT_STANDARD_LIBRARIES = YES;
				CODE_SIGN_STYLE = Automatic;
				INFOPLIST_FILE = FlixUITests/Info.plist;
				LD_RUNPATH_SEARCH_PATHS = (
					"$(inherited)",
					"@executable_path/Frameworks",
					"@loader_path/Frameworks",
				);
				PRODUCT_BUNDLE_IDENTIFIER = com.FlixUITests;
				PRODUCT_NAME = "$(TARGET_NAME)";
				SWIFT_VERSION = 5.0;
				TARGETED_DEVICE_FAMILY = "1,2";
				TEST_TARGET_NAME = Flix;
			};
			name = Debug;
		};
		0B44D37C26E85FF000D9AA41 /* Release */ = {
			isa = XCBuildConfiguration;
			baseConfigurationReference = BDE96E382D7AD9B19CDC8A71 /* Pods-Flix-FlixUITests.release.xcconfig */;
			buildSettings = {
				ALWAYS_EMBED_SWIFT_STANDARD_LIBRARIES = YES;
				CODE_SIGN_STYLE = Automatic;
				INFOPLIST_FILE = FlixUITests/Info.plist;
				LD_RUNPATH_SEARCH_PATHS = (
					"$(inherited)",
					"@executable_path/Frameworks",
					"@loader_path/Frameworks",
				);
				PRODUCT_BUNDLE_IDENTIFIER = com.FlixUITests;
				PRODUCT_NAME = "$(TARGET_NAME)";
				SWIFT_VERSION = 5.0;
				TARGETED_DEVICE_FAMILY = "1,2";
				TEST_TARGET_NAME = Flix;
			};
			name = Release;
		};
/* End XCBuildConfiguration section */

/* Begin XCConfigurationList section */
		0B44D34526E85FEA00D9AA41 /* Build configuration list for PBXProject "Flix" */ = {
			isa = XCConfigurationList;
			buildConfigurations = (
				0B44D37226E85FF000D9AA41 /* Debug */,
				0B44D37326E85FF000D9AA41 /* Release */,
			);
			defaultConfigurationIsVisible = 0;
			defaultConfigurationName = Release;
		};
		0B44D37426E85FF000D9AA41 /* Build configuration list for PBXNativeTarget "Flix" */ = {
			isa = XCConfigurationList;
			buildConfigurations = (
				0B44D37526E85FF000D9AA41 /* Debug */,
				0B44D37626E85FF000D9AA41 /* Release */,
			);
			defaultConfigurationIsVisible = 0;
			defaultConfigurationName = Release;
		};
		0B44D37726E85FF000D9AA41 /* Build configuration list for PBXNativeTarget "FlixTests" */ = {
			isa = XCConfigurationList;
			buildConfigurations = (
				0B44D37826E85FF000D9AA41 /* Debug */,
				0B44D37926E85FF000D9AA41 /* Release */,
			);
			defaultConfigurationIsVisible = 0;
			defaultConfigurationName = Release;
		};
		0B44D37A26E85FF000D9AA41 /* Build configuration list for PBXNativeTarget "FlixUITests" */ = {
			isa = XCConfigurationList;
			buildConfigurations = (
				0B44D37B26E85FF000D9AA41 /* Debug */,
				0B44D37C26E85FF000D9AA41 /* Release */,
			);
			defaultConfigurationIsVisible = 0;
			defaultConfigurationName = Release;
		};
/* End XCConfigurationList section */
	};
	rootObject = 0B44D34226E85FEA00D9AA41 /* Project object */;
}
